
Microsoft Visual Studio Solution File, Format Version 12.00
# Visual Studio Version 16
VisualStudioVersion = 16.0.30717.126
MinimumVisualStudioVersion = 10.0.40219.1
Project("{9A19103F-16F7-4668-BE54-9A1E7A4F7556}") = "Instabrand", "Instabrand\Instabrand.csproj", "{D9E46953-22B5-4173-9A80-01C24E220150}"
	ProjectSection(ProjectDependencies) = postProject
		{844DDC24-683D-4E8C-B862-FE3A08146617} = {844DDC24-683D-4E8C-B862-FE3A08146617}
		{B3EDBC48-1A01-45C1-9987-342232FB7F83} = {B3EDBC48-1A01-45C1-9987-342232FB7F83}
	EndProjectSection
EndProject
Project("{9A19103F-16F7-4668-BE54-9A1E7A4F7556}") = "Instabrand.Domain", "Instabrand.Domain\Instabrand.Domain.csproj", "{B3EDBC48-1A01-45C1-9987-342232FB7F83}"
EndProject
Project("{9A19103F-16F7-4668-BE54-9A1E7A4F7556}") = "Instabrand.Infrastructure", "Instabrand.Infrastructure\Instabrand.Infrastructure.csproj", "{844DDC24-683D-4E8C-B862-FE3A08146617}"
EndProject
Project("{9A19103F-16F7-4668-BE54-9A1E7A4F7556}") = "Instabrand.Shared.Infrastructure", "Instabrand.Shared.Infrastructure\Instabrand.Shared.Infrastructure.csproj", "{29EB5D93-9A82-4E7E-8E7A-FFF9BDAA0005}"
EndProject
Project("{9A19103F-16F7-4668-BE54-9A1E7A4F7556}") = "Instabrand.Queries", "Instabrand.Queries\Instabrand.Queries.csproj", "{0DE0B006-2598-4EF2-85DD-D5B97BE8F3E2}"
EndProject
Project("{9A19103F-16F7-4668-BE54-9A1E7A4F7556}") = "Instabrand.Queries.Infrastructure", "Instabrand.Queries.Infrastructure\Instabrand.Queries.Infrastructure.csproj", "{7D3E99FB-0948-4BB1-9505-204096CE1F7A}"
EndProject
Project("{9A19103F-16F7-4668-BE54-9A1E7A4F7556}") = "Instabrand.DatabaseMigrations", "Instabrand.DatabaseMigrations\Instabrand.DatabaseMigrations.csproj", "{C4B8295E-D2CC-47A3-99B7-81F43748B078}"
EndProject
Project("{2150E333-8FDC-42A3-9474-1A3956D46DE8}") = "Solution Items", "Solution Items", "{C0A66164-E895-4CE3-852A-577C34B2A33E}"
	ProjectSection(SolutionItems) = preProject
		.editorconfig = .editorconfig
		Instabrand\docker\Dockerfile = Instabrand\docker\Dockerfile
	EndProjectSection
EndProject
Global
	GlobalSection(SolutionConfigurationPlatforms) = preSolution
		Debug|Any CPU = Debug|Any CPU
		Release|Any CPU = Release|Any CPU
	EndGlobalSection
	GlobalSection(ProjectConfigurationPlatforms) = postSolution
		{D9E46953-22B5-4173-9A80-01C24E220150}.Debug|Any CPU.ActiveCfg = Debug|Any CPU
		{D9E46953-22B5-4173-9A80-01C24E220150}.Debug|Any CPU.Build.0 = Debug|Any CPU
		{D9E46953-22B5-4173-9A80-01C24E220150}.Release|Any CPU.ActiveCfg = Release|Any CPU
		{D9E46953-22B5-4173-9A80-01C24E220150}.Release|Any CPU.Build.0 = Release|Any CPU
		{B3EDBC48-1A01-45C1-9987-342232FB7F83}.Debug|Any CPU.ActiveCfg = Debug|Any CPU
		{B3EDBC48-1A01-45C1-9987-342232FB7F83}.Debug|Any CPU.Build.0 = Debug|Any CPU
		{B3EDBC48-1A01-45C1-9987-342232FB7F83}.Release|Any CPU.ActiveCfg = Release|Any CPU
		{B3EDBC48-1A01-45C1-9987-342232FB7F83}.Release|Any CPU.Build.0 = Release|Any CPU
		{844DDC24-683D-4E8C-B862-FE3A08146617}.Debug|Any CPU.ActiveCfg = Debug|Any CPU
		{844DDC24-683D-4E8C-B862-FE3A08146617}.Debug|Any CPU.Build.0 = Debug|Any CPU
		{844DDC24-683D-4E8C-B862-FE3A08146617}.Release|Any CPU.ActiveCfg = Release|Any CPU
		{844DDC24-683D-4E8C-B862-FE3A08146617}.Release|Any CPU.Build.0 = Release|Any CPU
		{29EB5D93-9A82-4E7E-8E7A-FFF9BDAA0005}.Debug|Any CPU.ActiveCfg = Debug|Any CPU
		{29EB5D93-9A82-4E7E-8E7A-FFF9BDAA0005}.Debug|Any CPU.Build.0 = Debug|Any CPU
		{29EB5D93-9A82-4E7E-8E7A-FFF9BDAA0005}.Release|Any CPU.ActiveCfg = Release|Any CPU
		{29EB5D93-9A82-4E7E-8E7A-FFF9BDAA0005}.Release|Any CPU.Build.0 = Release|Any CPU
		{0DE0B006-2598-4EF2-85DD-D5B97BE8F3E2}.Debug|Any CPU.ActiveCfg = Debug|Any CPU
		{0DE0B006-2598-4EF2-85DD-D5B97BE8F3E2}.Debug|Any CPU.Build.0 = Debug|Any CPU
		{0DE0B006-2598-4EF2-85DD-D5B97BE8F3E2}.Release|Any CPU.ActiveCfg = Release|Any CPU
		{0DE0B006-2598-4EF2-85DD-D5B97BE8F3E2}.Release|Any CPU.Build.0 = Release|Any CPU
		{7D3E99FB-0948-4BB1-9505-204096CE1F7A}.Debug|Any CPU.ActiveCfg = Debug|Any CPU
		{7D3E99FB-0948-4BB1-9505-204096CE1F7A}.Debug|Any CPU.Build.0 = Debug|Any CPU
		{7D3E99FB-0948-4BB1-9505-204096CE1F7A}.Release|Any CPU.ActiveCfg = Release|Any CPU
		{7D3E99FB-0948-4BB1-9505-204096CE1F7A}.Release|Any CPU.Build.0 = Release|Any CPU
		{C4B8295E-D2CC-47A3-99B7-81F43748B078}.Debug|Any CPU.ActiveCfg = Debug|Any CPU
		{C4B8295E-D2CC-47A3-99B7-81F43748B078}.Debug|Any CPU.Build.0 = Debug|Any CPU
		{C4B8295E-D2CC-47A3-99B7-81F43748B078}.Release|Any CPU.ActiveCfg = Release|Any CPU
		{C4B8295E-D2CC-47A3-99B7-81F43748B078}.Release|Any CPU.Build.0 = Release|Any CPU
	EndGlobalSection
	GlobalSection(SolutionProperties) = preSolution
		HideSolutionNode = FALSE
	EndGlobalSection
	GlobalSection(ExtensibilityGlobals) = postSolution
		SolutionGuid = {1AAD336A-9238-41F6-8D8F-BF044C6F23B8}
	EndGlobalSection
EndGlobal
